
Microsoft Visual Studio Solution File, Format Version 12.00
# Visual Studio 2012
Project("{FAE04EC0-301F-11D3-BF4B-00C04F79EFBC}") = "CompactMessageFormat", "CompactMessageFormat\CompactMessageFormat.csproj", "{B2CF032F-1AF4-429F-8615-BC56F1A9ABF6}"
EndProject
Global
	GlobalSection(SolutionConfigurationPlatforms) = preSolution
		Debug|Any CPU = Debug|Any CPU
		Release|Any CPU = Release|Any CPU
	EndGlobalSection
	GlobalSection(ProjectConfigurationPlatforms) = postSolution
		{B2CF032F-1AF4-429F-8615-BC56F1A9ABF6}.Debug|Any CPU.ActiveCfg = Debug|Any CPU
		{B2CF032F-1AF4-429F-8615-BC56F1A9ABF6}.Debug|Any CPU.Build.0 = Debug|Any CPU
		{B2CF032F-1AF4-429F-8615-BC56F1A9ABF6}.Release|Any CPU.ActiveCfg = Release|Any CPU
		{B2CF032F-1AF4-429F-8615-BC56F1A9ABF6}.Release|Any CPU.Build.0 = Release|Any CPU
	EndGlobalSection
EndGlobal
